{
  "originHash" : "e30a790cecb0039fe1a02b57f0189a67b9202e4d051b32d57072964f071cedfa",
  "pins" : [
    {
      "identity" : "swift-argument-parser",
      "kind" : "remoteSourceControl",
      "location" : "https://github.com/apple/swift-argument-parser.git",
      "state" : {
        "revision" : "626b5b7b2f45e1b0b1c6f4a309296d1d21d7311b",
        "version" : "1.7.1"
      }
    },
    {
      "identity" : "vocalcore",
      "kind" : "remoteSourceControl",
      "location" : "https://github.com/newsantoryu/VocalCore.git",
      "state" : {
        "revision" : "46fd8552dbe8bdf41615368ca45572863500e621",
        "version" : "1.0.7"
      }
    },
    {
      "identity" : "whisperkit",
      "kind" : "remoteSourceControl",
      "location" : "https://github.com/argmaxinc/WhisperKit",
      "state" : {
        "branch" : "main",
        "revision" : "c9cf2033012c900d1b15a2f3f423c2901cbbf40d"
      }
    }
  ],
  "version" : 3
}
